
Microsoft Visual Studio Solution File, Format Version 11.00
# Visual Studio 2010
Project("{FAE04EC0-301F-11D3-BF4B-00C04F79EFBC}") = "uRyourOwnTrainer", "Assembly-CSharp-firstpass.csproj", "{FAB1C644-9478-DAB7-83F2-6C0AA28D0737}"
EndProject
Project("{FAE04EC0-301F-11D3-BF4B-00C04F79EFBC}") = "uRyourOwnTrainer", "Assembly-CSharp.csproj", "{0B88F999-A22A-9B56-4264-EEC161511C31}"
EndProject
Project("{FAE04EC0-301F-11D3-BF4B-00C04F79EFBC}") = "uRyourOwnTrainer", "Assembly-CSharp-Editor-firstpass.csproj", "{9BA2B40D-ADAE-EFC3-AF56-477640D357ED}"
EndProject
Project("{FAE04EC0-301F-11D3-BF4B-00C04F79EFBC}") = "uRyourOwnTrainer", "Assembly-CSharp-Editor.csproj", "{E7148299-9176-C3C3-1968-2393FBEBE061}"
EndProject
Global
	GlobalSection(SolutionConfigurationPlatforms) = preSolution
		Debug|Any CPU = Debug|Any CPU
		Release|Any CPU = Release|Any CPU
	EndGlobalSection
	GlobalSection(ProjectConfigurationPlatforms) = postSolution
		{FAB1C644-9478-DAB7-83F2-6C0AA28D0737}.Debug|Any CPU.ActiveCfg = Debug|Any CPU
		{FAB1C644-9478-DAB7-83F2-6C0AA28D0737}.Debug|Any CPU.Build.0 = Debug|Any CPU
		{FAB1C644-9478-DAB7-83F2-6C0AA28D0737}.Release|Any CPU.ActiveCfg = Release|Any CPU
		{FAB1C644-9478-DAB7-83F2-6C0AA28D0737}.Release|Any CPU.Build.0 = Release|Any CPU
		{0B88F999-A22A-9B56-4264-EEC161511C31}.Debug|Any CPU.ActiveCfg = Debug|Any CPU
		{0B88F999-A22A-9B56-4264-EEC161511C31}.Debug|Any CPU.Build.0 = Debug|Any CPU
		{0B88F999-A22A-9B56-4264-EEC161511C31}.Release|Any CPU.ActiveCfg = Release|Any CPU
		{0B88F999-A22A-9B56-4264-EEC161511C31}.Release|Any CPU.Build.0 = Release|Any CPU
		{9BA2B40D-ADAE-EFC3-AF56-477640D357ED}.Debug|Any CPU.ActiveCfg = Debug|Any CPU
		{9BA2B40D-ADAE-EFC3-AF56-477640D357ED}.Debug|Any CPU.Build.0 = Debug|Any CPU
		{9BA2B40D-ADAE-EFC3-AF56-477640D357ED}.Release|Any CPU.ActiveCfg = Release|Any CPU
		{9BA2B40D-ADAE-EFC3-AF56-477640D357ED}.Release|Any CPU.Build.0 = Release|Any CPU
		{E7148299-9176-C3C3-1968-2393FBEBE061}.Debug|Any CPU.ActiveCfg = Debug|Any CPU
		{E7148299-9176-C3C3-1968-2393FBEBE061}.Debug|Any CPU.Build.0 = Debug|Any CPU
		{E7148299-9176-C3C3-1968-2393FBEBE061}.Release|Any CPU.ActiveCfg = Release|Any CPU
		{E7148299-9176-C3C3-1968-2393FBEBE061}.Release|Any CPU.Build.0 = Release|Any CPU
	EndGlobalSection
	GlobalSection(SolutionProperties) = preSolution
		HideSolutionNode = FALSE
	EndGlobalSection
	GlobalSection(MonoDevelopProperties) = preSolution
		StartupItem = Assembly-CSharp.csproj
	EndGlobalSection
EndGlobal
